// !$*UTF8*$!
{
	archiveVersion = 1;
	classes = {
	};
	objectVersion = 46;
	objects = {

/* Begin PBXBuildFile section */
		2A24309013EC67CF00E02693 /* UIKit.framework in Frameworks */ = {isa = PBXBuildFile; fileRef = 2A24308F13EC67CF00E02693 /* UIKit.framework */; };
		2A24309213EC67CF00E02693 /* Foundation.framework in Frameworks */ = {isa = PBXBuildFile; fileRef = 2A24309113EC67CF00E02693 /* Foundation.framework */; };
		2A24309413EC67CF00E02693 /* CoreGraphics.framework in Frameworks */ = {isa = PBXBuildFile; fileRef = 2A24309313EC67CF00E02693 /* CoreGraphics.framework */; };
		2A24309A13EC67CF00E02693 /* InfoPlist.strings in Resources */ = {isa = PBXBuildFile; fileRef = 2A24309813EC67CF00E02693 /* InfoPlist.strings */; };
		2A24309C13EC67CF00E02693 /* main.m in Sources */ = {isa = PBXBuildFile; fileRef = 2A24309B13EC67CF00E02693 /* main.m */; };
		2A2430A013EC67CF00E02693 /* Team_GreenAppDelegate.m in Sources */ = {isa = PBXBuildFile; fileRef = 2A24309F13EC67CF00E02693 /* Team_GreenAppDelegate.m */; };
		2A2430A313EC67CF00E02693 /* Team_GreenViewController.m in Sources */ = {isa = PBXBuildFile; fileRef = 2A2430A213EC67CF00E02693 /* Team_GreenViewController.m */; };
		2A2430A613EC67CF00E02693 /* Team_GreenViewController_iPhone.xib in Resources */ = {isa = PBXBuildFile; fileRef = 2A2430A413EC67CF00E02693 /* Team_GreenViewController_iPhone.xib */; };
		2A2430A913EC67CF00E02693 /* Team_GreenViewController_iPad.xib in Resources */ = {isa = PBXBuildFile; fileRef = 2A2430A713EC67CF00E02693 /* Team_GreenViewController_iPad.xib */; };
/* End PBXBuildFile section */

/* Begin PBXFileReference section */
		2A24308B13EC67CF00E02693 /* Team Green.app */ = {isa = PBXFileReference; explicitFileType = wrapper.application; includeInIndex = 0; path = "Team Green.app"; sourceTree = BUILT_PRODUCTS_DIR; };
		2A24308F13EC67CF00E02693 /* UIKit.framework */ = {isa = PBXFileReference; lastKnownFileType = wrapper.framework; name = UIKit.framework; path = System/Library/Frameworks/UIKit.framework; sourceTree = SDKROOT; };
		2A24309113EC67CF00E02693 /* Foundation.framework */ = {isa = PBXFileReference; lastKnownFileType = wrapper.framework; name = Foundation.framework; path = System/Library/Frameworks/Foundation.framework; sourceTree = SDKROOT; };
		2A24309313EC67CF00E02693 /* CoreGraphics.framework */ = {isa = PBXFileReference; lastKnownFileType = wrapper.framework; name = CoreGraphics.framework; path = System/Library/Frameworks/CoreGraphics.framework; sourceTree = SDKROOT; };
		2A24309713EC67CF00E02693 /* Team Green-Info.plist */ = {isa = PBXFileReference; lastKnownFileType = text.plist.xml; path = "Team Green-Info.plist"; sourceTree = "<group>"; };
		2A24309913EC67CF00E02693 /* en */ = {isa = PBXFileReference; lastKnownFileType = text.plist.strings; name = en; path = en.lproj/InfoPlist.strings; sourceTree = "<group>"; };
		2A24309B13EC67CF00E02693 /* main.m */ = {isa = PBXFileReference; lastKnownFileType = sourcecode.c.objc; path = main.m; sourceTree = "<group>"; };
		2A24309D13EC67CF00E02693 /* Team Green-Prefix.pch */ = {isa = PBXFileReference; lastKnownFileType = sourcecode.c.h; path = "Team Green-Prefix.pch"; sourceTree = "<group>"; };
		2A24309E13EC67CF00E02693 /* Team_GreenAppDelegate.h */ = {isa = PBXFileReference; lastKnownFileType = sourcecode.c.h; path = Team_GreenAppDelegate.h; sourceTree = "<group>"; };
		2A24309F13EC67CF00E02693 /* Team_GreenAppDelegate.m */ = {isa = PBXFileReference; lastKnownFileType = sourcecode.c.objc; path = Team_GreenAppDelegate.m; sourceTree = "<group>"; };
		2A2430A113EC67CF00E02693 /* Team_GreenViewController.h */ = {isa = PBXFileReference; lastKnownFileType = sourcecode.c.h; path = Team_GreenViewController.h; sourceTree = "<group>"; };
		2A2430A213EC67CF00E02693 /* Team_GreenViewController.m */ = {isa = PBXFileReference; lastKnownFileType = sourcecode.c.objc; path = Team_GreenViewController.m; sourceTree = "<group>"; };
		2A2430A513EC67CF00E02693 /* en */ = {isa = PBXFileReference; lastKnownFileType = file.xib; name = en; path = en.lproj/Team_GreenViewController_iPhone.xib; sourceTree = "<group>"; };
		2A2430A813EC67CF00E02693 /* en */ = {isa = PBXFileReference; lastKnownFileType = file.xib; name = en; path = en.lproj/Team_GreenViewController_iPad.xib; sourceTree = "<group>"; };
/* End PBXFileReference section */

/* Begin PBXFrameworksBuildPhase section */
		2A24308813EC67CF00E02693 /* Frameworks */ = {
			isa = PBXFrameworksBuildPhase;
			buildActionMask = 2147483647;
			files = (
				2A24309013EC67CF00E02693 /* UIKit.framework in Frameworks */,
				2A24309213EC67CF00E02693 /* Foundation.framework in Frameworks */,
				2A24309413EC67CF00E02693 /* CoreGraphics.framework in Frameworks */,
			);
			runOnlyForDeploymentPostprocessing = 0;
		};
/* End PBXFrameworksBuildPhase section */

/* Begin PBXGroup section */
		2A24308013EC67CF00E02693 = {
			isa = PBXGroup;
			children = (
				2A24309513EC67CF00E02693 /* Team Green */,
				2A24308E13EC67CF00E02693 /* Frameworks */,
				2A24308C13EC67CF00E02693 /* Products */,
			);
			sourceTree = "<group>";
		};
		2A24308C13EC67CF00E02693 /* Products */ = {
			isa = PBXGroup;
			children = (
				2A24308B13EC67CF00E02693 /* Team Green.app */,
			);
			name = Products;
			sourceTree = "<group>";
		};
		2A24308E13EC67CF00E02693 /* Frameworks */ = {
			isa = PBXGroup;
			children = (
				2A24308F13EC67CF00E02693 /* UIKit.framework */,
				2A24309113EC67CF00E02693 /* Foundation.framework */,
				2A24309313EC67CF00E02693 /* CoreGraphics.framework */,
			);
			name = Frameworks;
			sourceTree = "<group>";
		};
		2A24309513EC67CF00E02693 /* Team Green */ = {
			isa = PBXGroup;
			children = (
				2A24309E13EC67CF00E02693 /* Team_GreenAppDelegate.h */,
				2A24309F13EC67CF00E02693 /* Team_GreenAppDelegate.m */,
				2A2430A113EC67CF00E02693 /* Team_GreenViewController.h */,
				2A2430A213EC67CF00E02693 /* Team_GreenViewController.m */,
				2A2430A413EC67CF00E02693 /* Team_GreenViewController_iPhone.xib */,
				2A2430A713EC67CF00E02693 /* Team_GreenViewController_iPad.xib */,
				2A24309613EC67CF00E02693 /* Supporting Files */,
			);
			path = "Team Green";
			sourceTree = "<group>";
		};
		2A24309613EC67CF00E02693 /* Supporting Files */ = {
			isa = PBXGroup;
			children = (
				2A24309713EC67CF00E02693 /* Team Green-Info.plist */,
				2A24309813EC67CF00E02693 /* InfoPlist.strings */,
				2A24309B13EC67CF00E02693 /* main.m */,
				2A24309D13EC67CF00E02693 /* Team Green-Prefix.pch */,
			);
			name = "Supporting Files";
			sourceTree = "<group>";
		};
/* End PBXGroup section */

/* Begin PBXNativeTarget section */
		2A24308A13EC67CF00E02693 /* Team Green */ = {
			isa = PBXNativeTarget;
			buildConfigurationList = 2A2430AC13EC67CF00E02693 /* Build configuration list for PBXNativeTarget "Team Green" */;
			buildPhases = (
				2A24308713EC67CF00E02693 /* Sources */,
				2A24308813EC67CF00E02693 /* Frameworks */,
				2A24308913EC67CF00E02693 /* Resources */,
			);
			buildRules = (
			);
			dependencies = (
			);
			name = "Team Green";
			productName = "Team Green";
			productReference = 2A24308B13EC67CF00E02693 /* Team Green.app */;
			productType = "com.apple.product-type.application";
		};
/* End PBXNativeTarget section */

/* Begin PBXProject section */
		2A24308213EC67CF00E02693 /* Project object */ = {
			isa = PBXProject;
			attributes = {
				LastUpgradeCheck = 0420;
			};
			buildConfigurationList = 2A24308513EC67CF00E02693 /* Build configuration list for PBXProject "Team Green" */;
			compatibilityVersion = "Xcode 3.2";
			developmentRegion = English;
			hasScannedForEncodings = 0;
			knownRegions = (
				en,
			);
			mainGroup = 2A24308013EC67CF00E02693;
			productRefGroup = 2A24308C13EC67CF00E02693 /* Products */;
			projectDirPath = "";
			projectRoot = "";
			targets = (
				2A24308A13EC67CF00E02693 /* Team Green */,
			);
		};
/* End PBXProject section */

/* Begin PBXResourcesBuildPhase section */
		2A24308913EC67CF00E02693 /* Resources */ = {
			isa = PBXResourcesBuildPhase;
			buildActionMask = 2147483647;
			files = (
				2A24309A13EC67CF00E02693 /* InfoPlist.strings in Resources */,
				2A2430A613EC67CF00E02693 /* Team_GreenViewController_iPhone.xib in Resources */,
				2A2430A913EC67CF00E02693 /* Team_GreenViewController_iPad.xib in Resources */,
			);
			runOnlyForDeploymentPostprocessing = 0;
		};
/* End PBXResourcesBuildPhase section */

/* Begin PBXSourcesBuildPhase section */
		2A24308713EC67CF00E02693 /* Sources */ = {
			isa = PBXSourcesBuildPhase;
			buildActionMask = 2147483647;
			files = (
				2A24309C13EC67CF00E02693 /* main.m in Sources */,
				2A2430A013EC67CF00E02693 /* Team_GreenAppDelegate.m in Sources */,
				2A2430A313EC67CF00E02693 /* Team_GreenViewController.m in Sources */,
			);
			runOnlyForDeploymentPostprocessing = 0;
		};
/* End PBXSourcesBuildPhase section */

/* Begin PBXVariantGroup section */
		2A24309813EC67CF00E02693 /* InfoPlist.strings */ = {
			isa = PBXVariantGroup;
			children = (
				2A24309913EC67CF00E02693 /* en */,
			);
			name = InfoPlist.strings;
			sourceTree = "<group>";
		};
		2A2430A413EC67CF00E02693 /* Team_GreenViewController_iPhone.xib */ = {
			isa = PBXVariantGroup;
			children = (
				2A2430A513EC67CF00E02693 /* en */,
			);
			name = Team_GreenViewController_iPhone.xib;
			sourceTree = "<group>";
		};
		2A2430A713EC67CF00E02693 /* Team_GreenViewController_iPad.xib */ = {
			isa = PBXVariantGroup;
			children = (
				2A2430A813EC67CF00E02693 /* en */,
			);
			name = Team_GreenViewController_iPad.xib;
			sourceTree = "<group>";
		};
/* End PBXVariantGroup section */

/* Begin XCBuildConfiguration section */
		2A2430AA13EC67CF00E02693 /* Debug */ = {
			isa = XCBuildConfiguration;
			buildSettings = {
				ALWAYS_SEARCH_USER_PATHS = NO;
				ARCHS = "$(ARCHS_STANDARD_32_BIT)";
				CLANG_ENABLE_OBJC_ARC = YES;
				"CODE_SIGN_IDENTITY[sdk=iphoneos*]" = "iPhone Developer";
				COPY_PHASE_STRIP = NO;
				GCC_C_LANGUAGE_STANDARD = gnu99;
				GCC_DYNAMIC_NO_PIC = NO;
				GCC_OPTIMIZATION_LEVEL = 0;
				GCC_PREPROCESSOR_DEFINITIONS = (
					"DEBUG=1",
					"$(inherited)",
				);
				GCC_SYMBOLS_PRIVATE_EXTERN = NO;
				GCC_VERSION = com.apple.compilers.llvm.clang.1_0;
				GCC_WARN_ABOUT_MISSING_PROTOTYPES = YES;
				GCC_WARN_ABOUT_RETURN_TYPE = YES;
				GCC_WARN_UNUSED_VARIABLE = YES;
				IPHONEOS_DEPLOYMENT_TARGET = 5.0;
				SDKROOT = iphoneos;
				TARGETED_DEVICE_FAMILY = "1,2";
			};
			name = Debug;
		};
		2A2430AB13EC67CF00E02693 /* Release */ = {
			isa = XCBuildConfiguration;
			buildSettings = {
				ALWAYS_SEARCH_USER_PATHS = NO;
				ARCHS = "$(ARCHS_STANDARD_32_BIT)";
				CLANG_ENABLE_OBJC_ARC = YES;
				"CODE_SIGN_IDENTITY[sdk=iphoneos*]" = "iPhone Developer";
				COPY_PHASE_STRIP = YES;
				GCC_C_LANGUAGE_STANDARD = gnu99;
				GCC_VERSION = com.apple.compilers.llvm.clang.1_0;
				GCC_WARN_ABOUT_MISSING_PROTOTYPES = YES;
				GCC_WARN_ABOUT_RETURN_TYPE = YES;
				GCC_WARN_UNUSED_VARIABLE = YES;
				IPHONEOS_DEPLOYMENT_TARGET = 5.0;
				OTHER_CFLAGS = "-DNS_BLOCK_ASSERTIONS=1";
				SDKROOT = iphoneos;
				TARGETED_DEVICE_FAMILY = "1,2";
				VALIDATE_PRODUCT = YES;
			};
			name = Release;
		};
		2A2430AD13EC67CF00E02693 /* Debug */ = {
			isa = XCBuildConfiguration;
			buildSettings = {
				GCC_PRECOMPILE_PREFIX_HEADER = YES;
				GCC_PREFIX_HEADER = "Team Green/Team Green-Prefix.pch";
				INFOPLIST_FILE = "Team Green/Team Green-Info.plist";
				PRODUCT_NAME = "$(TARGET_NAME)";
				WRAPPER_EXTENSION = app;
			};
			name = Debug;
		};
		2A2430AE13EC67CF00E02693 /* Release */ = {
			isa = XCBuildConfiguration;
			buildSettings = {
				GCC_PRECOMPILE_PREFIX_HEADER = YES;
				GCC_PREFIX_HEADER = "Team Green/Team Green-Prefix.pch";
				INFOPLIST_FILE = "Team Green/Team Green-Info.plist";
				PRODUCT_NAME = "$(TARGET_NAME)";
				WRAPPER_EXTENSION = app;
			};
			name = Release;
		};
/* End XCBuildConfiguration section */

/* Begin XCConfigurationList section */
		2A24308513EC67CF00E02693 /* Build configuration list for PBXProject "Team Green" */ = {
			isa = XCConfigurationList;
			buildConfigurations = (
				2A2430AA13EC67CF00E02693 /* Debug */,
				2A2430AB13EC67CF00E02693 /* Release */,
			);
			defaultConfigurationIsVisible = 0;
			defaultConfigurationName = Release;
		};
		2A2430AC13EC67CF00E02693 /* Build configuration list for PBXNativeTarget "Team Green" */ = {
			isa = XCConfigurationList;
			buildConfigurations = (
				2A2430AD13EC67CF00E02693 /* Debug */,
				2A2430AE13EC67CF00E02693 /* Release */,
			);
			defaultConfigurationIsVisible = 0;
		};
/* End XCConfigurationList section */
	};
	rootObject = 2A24308213EC67CF00E02693 /* Project object */;
}
