// !$*UTF8*$!
{
	archiveVersion = 1;
	classes = {
	};
	objectVersion = 46;
	objects = {

/* Begin PBXBuildFile section */
		2AB49DB213EC660C0093C025 /* UIKit.framework in Frameworks */ = {isa = PBXBuildFile; fileRef = 2AB49DB113EC660C0093C025 /* UIKit.framework */; };
		2AB49DB413EC660C0093C025 /* Foundation.framework in Frameworks */ = {isa = PBXBuildFile; fileRef = 2AB49DB313EC660C0093C025 /* Foundation.framework */; };
		2AB49DB613EC660C0093C025 /* CoreGraphics.framework in Frameworks */ = {isa = PBXBuildFile; fileRef = 2AB49DB513EC660C0093C025 /* CoreGraphics.framework */; };
		2AB49DBC13EC660C0093C025 /* InfoPlist.strings in Resources */ = {isa = PBXBuildFile; fileRef = 2AB49DBA13EC660C0093C025 /* InfoPlist.strings */; };
		2AB49DBE13EC660C0093C025 /* main.m in Sources */ = {isa = PBXBuildFile; fileRef = 2AB49DBD13EC660C0093C025 /* main.m */; };
		2AB49DC213EC660C0093C025 /* PDF_WriterAppDelegate.m in Sources */ = {isa = PBXBuildFile; fileRef = 2AB49DC113EC660C0093C025 /* PDF_WriterAppDelegate.m */; };
		2AB49DC513EC660C0093C025 /* PDF_WriterViewController.m in Sources */ = {isa = PBXBuildFile; fileRef = 2AB49DC413EC660C0093C025 /* PDF_WriterViewController.m */; };
		2AB49DC813EC660C0093C025 /* PDF_WriterViewController_iPhone.xib in Resources */ = {isa = PBXBuildFile; fileRef = 2AB49DC613EC660C0093C025 /* PDF_WriterViewController_iPhone.xib */; };
		2AB49DCB13EC660C0093C025 /* PDF_WriterViewController_iPad.xib in Resources */ = {isa = PBXBuildFile; fileRef = 2AB49DC913EC660C0093C025 /* PDF_WriterViewController_iPad.xib */; };
/* End PBXBuildFile section */

/* Begin PBXFileReference section */
		2AB49DAD13EC660C0093C025 /* PDF Writer.app */ = {isa = PBXFileReference; explicitFileType = wrapper.application; includeInIndex = 0; path = "PDF Writer.app"; sourceTree = BUILT_PRODUCTS_DIR; };
		2AB49DB113EC660C0093C025 /* UIKit.framework */ = {isa = PBXFileReference; lastKnownFileType = wrapper.framework; name = UIKit.framework; path = System/Library/Frameworks/UIKit.framework; sourceTree = SDKROOT; };
		2AB49DB313EC660C0093C025 /* Foundation.framework */ = {isa = PBXFileReference; lastKnownFileType = wrapper.framework; name = Foundation.framework; path = System/Library/Frameworks/Foundation.framework; sourceTree = SDKROOT; };
		2AB49DB513EC660C0093C025 /* CoreGraphics.framework */ = {isa = PBXFileReference; lastKnownFileType = wrapper.framework; name = CoreGraphics.framework; path = System/Library/Frameworks/CoreGraphics.framework; sourceTree = SDKROOT; };
		2AB49DB913EC660C0093C025 /* PDF Writer-Info.plist */ = {isa = PBXFileReference; lastKnownFileType = text.plist.xml; path = "PDF Writer-Info.plist"; sourceTree = "<group>"; };
		2AB49DBB13EC660C0093C025 /* en */ = {isa = PBXFileReference; lastKnownFileType = text.plist.strings; name = en; path = en.lproj/InfoPlist.strings; sourceTree = "<group>"; };
		2AB49DBD13EC660C0093C025 /* main.m */ = {isa = PBXFileReference; lastKnownFileType = sourcecode.c.objc; path = main.m; sourceTree = "<group>"; };
		2AB49DBF13EC660C0093C025 /* PDF Writer-Prefix.pch */ = {isa = PBXFileReference; lastKnownFileType = sourcecode.c.h; path = "PDF Writer-Prefix.pch"; sourceTree = "<group>"; };
		2AB49DC013EC660C0093C025 /* PDF_WriterAppDelegate.h */ = {isa = PBXFileReference; lastKnownFileType = sourcecode.c.h; path = PDF_WriterAppDelegate.h; sourceTree = "<group>"; };
		2AB49DC113EC660C0093C025 /* PDF_WriterAppDelegate.m */ = {isa = PBXFileReference; lastKnownFileType = sourcecode.c.objc; path = PDF_WriterAppDelegate.m; sourceTree = "<group>"; };
		2AB49DC313EC660C0093C025 /* PDF_WriterViewController.h */ = {isa = PBXFileReference; lastKnownFileType = sourcecode.c.h; path = PDF_WriterViewController.h; sourceTree = "<group>"; };
		2AB49DC413EC660C0093C025 /* PDF_WriterViewController.m */ = {isa = PBXFileReference; lastKnownFileType = sourcecode.c.objc; path = PDF_WriterViewController.m; sourceTree = "<group>"; };
		2AB49DC713EC660C0093C025 /* en */ = {isa = PBXFileReference; lastKnownFileType = file.xib; name = en; path = en.lproj/PDF_WriterViewController_iPhone.xib; sourceTree = "<group>"; };
		2AB49DCA13EC660C0093C025 /* en */ = {isa = PBXFileReference; lastKnownFileType = file.xib; name = en; path = en.lproj/PDF_WriterViewController_iPad.xib; sourceTree = "<group>"; };
/* End PBXFileReference section */

/* Begin PBXFrameworksBuildPhase section */
		2AB49DAA13EC660C0093C025 /* Frameworks */ = {
			isa = PBXFrameworksBuildPhase;
			buildActionMask = 2147483647;
			files = (
				2AB49DB213EC660C0093C025 /* UIKit.framework in Frameworks */,
				2AB49DB413EC660C0093C025 /* Foundation.framework in Frameworks */,
				2AB49DB613EC660C0093C025 /* CoreGraphics.framework in Frameworks */,
			);
			runOnlyForDeploymentPostprocessing = 0;
		};
/* End PBXFrameworksBuildPhase section */

/* Begin PBXGroup section */
		2AB49DA213EC660C0093C025 = {
			isa = PBXGroup;
			children = (
				2AB49DB713EC660C0093C025 /* PDF Writer */,
				2AB49DB013EC660C0093C025 /* Frameworks */,
				2AB49DAE13EC660C0093C025 /* Products */,
			);
			sourceTree = "<group>";
		};
		2AB49DAE13EC660C0093C025 /* Products */ = {
			isa = PBXGroup;
			children = (
				2AB49DAD13EC660C0093C025 /* PDF Writer.app */,
			);
			name = Products;
			sourceTree = "<group>";
		};
		2AB49DB013EC660C0093C025 /* Frameworks */ = {
			isa = PBXGroup;
			children = (
				2AB49DB113EC660C0093C025 /* UIKit.framework */,
				2AB49DB313EC660C0093C025 /* Foundation.framework */,
				2AB49DB513EC660C0093C025 /* CoreGraphics.framework */,
			);
			name = Frameworks;
			sourceTree = "<group>";
		};
		2AB49DB713EC660C0093C025 /* PDF Writer */ = {
			isa = PBXGroup;
			children = (
				2AB49DC013EC660C0093C025 /* PDF_WriterAppDelegate.h */,
				2AB49DC113EC660C0093C025 /* PDF_WriterAppDelegate.m */,
				2AB49DC313EC660C0093C025 /* PDF_WriterViewController.h */,
				2AB49DC413EC660C0093C025 /* PDF_WriterViewController.m */,
				2AB49DC613EC660C0093C025 /* PDF_WriterViewController_iPhone.xib */,
				2AB49DC913EC660C0093C025 /* PDF_WriterViewController_iPad.xib */,
				2AB49DB813EC660C0093C025 /* Supporting Files */,
			);
			path = "PDF Writer";
			sourceTree = "<group>";
		};
		2AB49DB813EC660C0093C025 /* Supporting Files */ = {
			isa = PBXGroup;
			children = (
				2AB49DB913EC660C0093C025 /* PDF Writer-Info.plist */,
				2AB49DBA13EC660C0093C025 /* InfoPlist.strings */,
				2AB49DBD13EC660C0093C025 /* main.m */,
				2AB49DBF13EC660C0093C025 /* PDF Writer-Prefix.pch */,
			);
			name = "Supporting Files";
			sourceTree = "<group>";
		};
/* End PBXGroup section */

/* Begin PBXNativeTarget section */
		2AB49DAC13EC660C0093C025 /* PDF Writer */ = {
			isa = PBXNativeTarget;
			buildConfigurationList = 2AB49DCE13EC660C0093C025 /* Build configuration list for PBXNativeTarget "PDF Writer" */;
			buildPhases = (
				2AB49DA913EC660C0093C025 /* Sources */,
				2AB49DAA13EC660C0093C025 /* Frameworks */,
				2AB49DAB13EC660C0093C025 /* Resources */,
			);
			buildRules = (
			);
			dependencies = (
			);
			name = "PDF Writer";
			productName = "PDF Writer";
			productReference = 2AB49DAD13EC660C0093C025 /* PDF Writer.app */;
			productType = "com.apple.product-type.application";
		};
/* End PBXNativeTarget section */

/* Begin PBXProject section */
		2AB49DA413EC660C0093C025 /* Project object */ = {
			isa = PBXProject;
			attributes = {
				LastUpgradeCheck = 0420;
			};
			buildConfigurationList = 2AB49DA713EC660C0093C025 /* Build configuration list for PBXProject "PDF Writer" */;
			compatibilityVersion = "Xcode 3.2";
			developmentRegion = English;
			hasScannedForEncodings = 0;
			knownRegions = (
				en,
			);
			mainGroup = 2AB49DA213EC660C0093C025;
			productRefGroup = 2AB49DAE13EC660C0093C025 /* Products */;
			projectDirPath = "";
			projectRoot = "";
			targets = (
				2AB49DAC13EC660C0093C025 /* PDF Writer */,
			);
		};
/* End PBXProject section */

/* Begin PBXResourcesBuildPhase section */
		2AB49DAB13EC660C0093C025 /* Resources */ = {
			isa = PBXResourcesBuildPhase;
			buildActionMask = 2147483647;
			files = (
				2AB49DBC13EC660C0093C025 /* InfoPlist.strings in Resources */,
				2AB49DC813EC660C0093C025 /* PDF_WriterViewController_iPhone.xib in Resources */,
				2AB49DCB13EC660C0093C025 /* PDF_WriterViewController_iPad.xib in Resources */,
			);
			runOnlyForDeploymentPostprocessing = 0;
		};
/* End PBXResourcesBuildPhase section */

/* Begin PBXSourcesBuildPhase section */
		2AB49DA913EC660C0093C025 /* Sources */ = {
			isa = PBXSourcesBuildPhase;
			buildActionMask = 2147483647;
			files = (
				2AB49DBE13EC660C0093C025 /* main.m in Sources */,
				2AB49DC213EC660C0093C025 /* PDF_WriterAppDelegate.m in Sources */,
				2AB49DC513EC660C0093C025 /* PDF_WriterViewController.m in Sources */,
			);
			runOnlyForDeploymentPostprocessing = 0;
		};
/* End PBXSourcesBuildPhase section */

/* Begin PBXVariantGroup section */
		2AB49DBA13EC660C0093C025 /* InfoPlist.strings */ = {
			isa = PBXVariantGroup;
			children = (
				2AB49DBB13EC660C0093C025 /* en */,
			);
			name = InfoPlist.strings;
			sourceTree = "<group>";
		};
		2AB49DC613EC660C0093C025 /* PDF_WriterViewController_iPhone.xib */ = {
			isa = PBXVariantGroup;
			children = (
				2AB49DC713EC660C0093C025 /* en */,
			);
			name = PDF_WriterViewController_iPhone.xib;
			sourceTree = "<group>";
		};
		2AB49DC913EC660C0093C025 /* PDF_WriterViewController_iPad.xib */ = {
			isa = PBXVariantGroup;
			children = (
				2AB49DCA13EC660C0093C025 /* en */,
			);
			name = PDF_WriterViewController_iPad.xib;
			sourceTree = "<group>";
		};
/* End PBXVariantGroup section */

/* Begin XCBuildConfiguration section */
		2AB49DCC13EC660C0093C025 /* Debug */ = {
			isa = XCBuildConfiguration;
			buildSettings = {
				ALWAYS_SEARCH_USER_PATHS = NO;
				ARCHS = "$(ARCHS_STANDARD_32_BIT)";
				CLANG_ENABLE_OBJC_ARC = YES;
				"CODE_SIGN_IDENTITY[sdk=iphoneos*]" = "iPhone Developer";
				COPY_PHASE_STRIP = NO;
				GCC_C_LANGUAGE_STANDARD = gnu99;
				GCC_DYNAMIC_NO_PIC = NO;
				GCC_OPTIMIZATION_LEVEL = 0;
				GCC_PREPROCESSOR_DEFINITIONS = (
					"DEBUG=1",
					"$(inherited)",
				);
				GCC_SYMBOLS_PRIVATE_EXTERN = NO;
				GCC_VERSION = com.apple.compilers.llvm.clang.1_0;
				GCC_WARN_ABOUT_MISSING_PROTOTYPES = YES;
				GCC_WARN_ABOUT_RETURN_TYPE = YES;
				GCC_WARN_UNUSED_VARIABLE = YES;
				IPHONEOS_DEPLOYMENT_TARGET = 5.0;
				SDKROOT = iphoneos;
				TARGETED_DEVICE_FAMILY = "1,2";
			};
			name = Debug;
		};
		2AB49DCD13EC660C0093C025 /* Release */ = {
			isa = XCBuildConfiguration;
			buildSettings = {
				ALWAYS_SEARCH_USER_PATHS = NO;
				ARCHS = "$(ARCHS_STANDARD_32_BIT)";
				CLANG_ENABLE_OBJC_ARC = YES;
				"CODE_SIGN_IDENTITY[sdk=iphoneos*]" = "iPhone Developer";
				COPY_PHASE_STRIP = YES;
				GCC_C_LANGUAGE_STANDARD = gnu99;
				GCC_VERSION = com.apple.compilers.llvm.clang.1_0;
				GCC_WARN_ABOUT_MISSING_PROTOTYPES = YES;
				GCC_WARN_ABOUT_RETURN_TYPE = YES;
				GCC_WARN_UNUSED_VARIABLE = YES;
				IPHONEOS_DEPLOYMENT_TARGET = 5.0;
				OTHER_CFLAGS = "-DNS_BLOCK_ASSERTIONS=1";
				SDKROOT = iphoneos;
				TARGETED_DEVICE_FAMILY = "1,2";
				VALIDATE_PRODUCT = YES;
			};
			name = Release;
		};
		2AB49DCF13EC660C0093C025 /* Debug */ = {
			isa = XCBuildConfiguration;
			buildSettings = {
				GCC_PRECOMPILE_PREFIX_HEADER = YES;
				GCC_PREFIX_HEADER = "PDF Writer/PDF Writer-Prefix.pch";
				INFOPLIST_FILE = "PDF Writer/PDF Writer-Info.plist";
				PRODUCT_NAME = "$(TARGET_NAME)";
				WRAPPER_EXTENSION = app;
			};
			name = Debug;
		};
		2AB49DD013EC660C0093C025 /* Release */ = {
			isa = XCBuildConfiguration;
			buildSettings = {
				GCC_PRECOMPILE_PREFIX_HEADER = YES;
				GCC_PREFIX_HEADER = "PDF Writer/PDF Writer-Prefix.pch";
				INFOPLIST_FILE = "PDF Writer/PDF Writer-Info.plist";
				PRODUCT_NAME = "$(TARGET_NAME)";
				WRAPPER_EXTENSION = app;
			};
			name = Release;
		};
/* End XCBuildConfiguration section */

/* Begin XCConfigurationList section */
		2AB49DA713EC660C0093C025 /* Build configuration list for PBXProject "PDF Writer" */ = {
			isa = XCConfigurationList;
			buildConfigurations = (
				2AB49DCC13EC660C0093C025 /* Debug */,
				2AB49DCD13EC660C0093C025 /* Release */,
			);
			defaultConfigurationIsVisible = 0;
			defaultConfigurationName = Release;
		};
		2AB49DCE13EC660C0093C025 /* Build configuration list for PBXNativeTarget "PDF Writer" */ = {
			isa = XCConfigurationList;
			buildConfigurations = (
				2AB49DCF13EC660C0093C025 /* Debug */,
				2AB49DD013EC660C0093C025 /* Release */,
			);
			defaultConfigurationIsVisible = 0;
		};
/* End XCConfigurationList section */
	};
	rootObject = 2AB49DA413EC660C0093C025 /* Project object */;
}
