// !$*UTF8*$!
{
	archiveVersion = 1;
	classes = {
	};
	objectVersion = 46;
	objects = {

/* Begin PBXBuildFile section */
		2A2430C313EC6A5600E02693 /* UIKit.framework in Frameworks */ = {isa = PBXBuildFile; fileRef = 2A2430C213EC6A5600E02693 /* UIKit.framework */; };
		2A2430C513EC6A5600E02693 /* Foundation.framework in Frameworks */ = {isa = PBXBuildFile; fileRef = 2A2430C413EC6A5600E02693 /* Foundation.framework */; };
		2A2430C713EC6A5600E02693 /* CoreGraphics.framework in Frameworks */ = {isa = PBXBuildFile; fileRef = 2A2430C613EC6A5600E02693 /* CoreGraphics.framework */; };
		2A2430CD13EC6A5600E02693 /* InfoPlist.strings in Resources */ = {isa = PBXBuildFile; fileRef = 2A2430CB13EC6A5600E02693 /* InfoPlist.strings */; };
		2A2430CF13EC6A5600E02693 /* main.m in Sources */ = {isa = PBXBuildFile; fileRef = 2A2430CE13EC6A5600E02693 /* main.m */; };
		2A2430D313EC6A5600E02693 /* TeamGreenAppDelegate.m in Sources */ = {isa = PBXBuildFile; fileRef = 2A2430D213EC6A5600E02693 /* TeamGreenAppDelegate.m */; };
		2A2430D613EC6A5600E02693 /* TeamGreenViewController.m in Sources */ = {isa = PBXBuildFile; fileRef = 2A2430D513EC6A5600E02693 /* TeamGreenViewController.m */; };
		2A2430D913EC6A5600E02693 /* TeamGreenViewController_iPhone.xib in Resources */ = {isa = PBXBuildFile; fileRef = 2A2430D713EC6A5600E02693 /* TeamGreenViewController_iPhone.xib */; };
		2A2430DC13EC6A5600E02693 /* TeamGreenViewController_iPad.xib in Resources */ = {isa = PBXBuildFile; fileRef = 2A2430DA13EC6A5600E02693 /* TeamGreenViewController_iPad.xib */; };
		2A2430E513EC6AF200E02693 /* DoctorFormView.m in Sources */ = {isa = PBXBuildFile; fileRef = 2A2430E313EC6AF200E02693 /* DoctorFormView.m */; };
		2A2430E613EC6AF200E02693 /* DoctorFormView.xib in Resources */ = {isa = PBXBuildFile; fileRef = 2A2430E413EC6AF200E02693 /* DoctorFormView.xib */; };
		2A2430F513EC6BE800E02693 /* SettingsView.m in Sources */ = {isa = PBXBuildFile; fileRef = 2A2430F313EC6BE800E02693 /* SettingsView.m */; };
		2A2430F613EC6BE800E02693 /* SettingsView.xib in Resources */ = {isa = PBXBuildFile; fileRef = 2A2430F413EC6BE800E02693 /* SettingsView.xib */; };
		2A2430FA13EC6ECB00E02693 /* RDTableView.m in Sources */ = {isa = PBXBuildFile; fileRef = 2A2430F813EC6ECB00E02693 /* RDTableView.m */; };
		2A2430FE13EC6F3300E02693 /* TextFieldTableViewCell.m in Sources */ = {isa = PBXBuildFile; fileRef = 2A2430FD13EC6F3300E02693 /* TextFieldTableViewCell.m */; };
		2A24310113EC6F4400E02693 /* PaddedUITextField.m in Sources */ = {isa = PBXBuildFile; fileRef = 2A24310013EC6F4400E02693 /* PaddedUITextField.m */; };
		2A24310513EC6FF700E02693 /* rdtableview-background.png in Resources */ = {isa = PBXBuildFile; fileRef = 2A24310313EC6FF700E02693 /* rdtableview-background.png */; };
		2A24310613EC6FF700E02693 /* rdtableview-background@2x.png in Resources */ = {isa = PBXBuildFile; fileRef = 2A24310413EC6FF700E02693 /* rdtableview-background@2x.png */; };
/* End PBXBuildFile section */

/* Begin PBXFileReference section */
		2A2430BE13EC6A5600E02693 /* TeamGreen.app */ = {isa = PBXFileReference; explicitFileType = wrapper.application; includeInIndex = 0; path = TeamGreen.app; sourceTree = BUILT_PRODUCTS_DIR; };
		2A2430C213EC6A5600E02693 /* UIKit.framework */ = {isa = PBXFileReference; lastKnownFileType = wrapper.framework; name = UIKit.framework; path = System/Library/Frameworks/UIKit.framework; sourceTree = SDKROOT; };
		2A2430C413EC6A5600E02693 /* Foundation.framework */ = {isa = PBXFileReference; lastKnownFileType = wrapper.framework; name = Foundation.framework; path = System/Library/Frameworks/Foundation.framework; sourceTree = SDKROOT; };
		2A2430C613EC6A5600E02693 /* CoreGraphics.framework */ = {isa = PBXFileReference; lastKnownFileType = wrapper.framework; name = CoreGraphics.framework; path = System/Library/Frameworks/CoreGraphics.framework; sourceTree = SDKROOT; };
		2A2430CA13EC6A5600E02693 /* TeamGreen-Info.plist */ = {isa = PBXFileReference; lastKnownFileType = text.plist.xml; path = "TeamGreen-Info.plist"; sourceTree = "<group>"; };
		2A2430CC13EC6A5600E02693 /* en */ = {isa = PBXFileReference; lastKnownFileType = text.plist.strings; name = en; path = en.lproj/InfoPlist.strings; sourceTree = "<group>"; };
		2A2430CE13EC6A5600E02693 /* main.m */ = {isa = PBXFileReference; lastKnownFileType = sourcecode.c.objc; path = main.m; sourceTree = "<group>"; };
		2A2430D013EC6A5600E02693 /* TeamGreen-Prefix.pch */ = {isa = PBXFileReference; lastKnownFileType = sourcecode.c.h; path = "TeamGreen-Prefix.pch"; sourceTree = "<group>"; };
		2A2430D113EC6A5600E02693 /* TeamGreenAppDelegate.h */ = {isa = PBXFileReference; lastKnownFileType = sourcecode.c.h; path = TeamGreenAppDelegate.h; sourceTree = "<group>"; };
		2A2430D213EC6A5600E02693 /* TeamGreenAppDelegate.m */ = {isa = PBXFileReference; lastKnownFileType = sourcecode.c.objc; path = TeamGreenAppDelegate.m; sourceTree = "<group>"; };
		2A2430D413EC6A5600E02693 /* TeamGreenViewController.h */ = {isa = PBXFileReference; lastKnownFileType = sourcecode.c.h; path = TeamGreenViewController.h; sourceTree = "<group>"; };
		2A2430D513EC6A5600E02693 /* TeamGreenViewController.m */ = {isa = PBXFileReference; lastKnownFileType = sourcecode.c.objc; path = TeamGreenViewController.m; sourceTree = "<group>"; };
		2A2430D813EC6A5600E02693 /* en */ = {isa = PBXFileReference; lastKnownFileType = file.xib; name = en; path = en.lproj/TeamGreenViewController_iPhone.xib; sourceTree = "<group>"; };
		2A2430DB13EC6A5600E02693 /* en */ = {isa = PBXFileReference; lastKnownFileType = file.xib; name = en; path = en.lproj/TeamGreenViewController_iPad.xib; sourceTree = "<group>"; };
		2A2430E213EC6AF200E02693 /* DoctorFormView.h */ = {isa = PBXFileReference; fileEncoding = 4; lastKnownFileType = sourcecode.c.h; path = DoctorFormView.h; sourceTree = "<group>"; };
		2A2430E313EC6AF200E02693 /* DoctorFormView.m */ = {isa = PBXFileReference; fileEncoding = 4; lastKnownFileType = sourcecode.c.objc; path = DoctorFormView.m; sourceTree = "<group>"; };
		2A2430E413EC6AF200E02693 /* DoctorFormView.xib */ = {isa = PBXFileReference; fileEncoding = 4; lastKnownFileType = file.xib; path = DoctorFormView.xib; sourceTree = "<group>"; };
		2A2430F213EC6BE800E02693 /* SettingsView.h */ = {isa = PBXFileReference; fileEncoding = 4; lastKnownFileType = sourcecode.c.h; path = SettingsView.h; sourceTree = "<group>"; };
		2A2430F313EC6BE800E02693 /* SettingsView.m */ = {isa = PBXFileReference; fileEncoding = 4; lastKnownFileType = sourcecode.c.objc; path = SettingsView.m; sourceTree = "<group>"; };
		2A2430F413EC6BE800E02693 /* SettingsView.xib */ = {isa = PBXFileReference; fileEncoding = 4; lastKnownFileType = file.xib; path = SettingsView.xib; sourceTree = "<group>"; };
		2A2430F813EC6ECB00E02693 /* RDTableView.m */ = {isa = PBXFileReference; fileEncoding = 4; lastKnownFileType = sourcecode.c.objc; path = RDTableView.m; sourceTree = "<group>"; };
		2A2430F913EC6ECB00E02693 /* RDTableView.h */ = {isa = PBXFileReference; fileEncoding = 4; lastKnownFileType = sourcecode.c.h; path = RDTableView.h; sourceTree = "<group>"; };
		2A2430FC13EC6F3300E02693 /* TextFieldTableViewCell.h */ = {isa = PBXFileReference; fileEncoding = 4; lastKnownFileType = sourcecode.c.h; path = TextFieldTableViewCell.h; sourceTree = "<group>"; };
		2A2430FD13EC6F3300E02693 /* TextFieldTableViewCell.m */ = {isa = PBXFileReference; fileEncoding = 4; lastKnownFileType = sourcecode.c.objc; path = TextFieldTableViewCell.m; sourceTree = "<group>"; };
		2A2430FF13EC6F4400E02693 /* PaddedUITextField.h */ = {isa = PBXFileReference; fileEncoding = 4; lastKnownFileType = sourcecode.c.h; path = PaddedUITextField.h; sourceTree = "<group>"; };
		2A24310013EC6F4400E02693 /* PaddedUITextField.m */ = {isa = PBXFileReference; fileEncoding = 4; lastKnownFileType = sourcecode.c.objc; path = PaddedUITextField.m; sourceTree = "<group>"; };
		2A24310313EC6FF700E02693 /* rdtableview-background.png */ = {isa = PBXFileReference; lastKnownFileType = image.png; path = "rdtableview-background.png"; sourceTree = "<group>"; };
		2A24310413EC6FF700E02693 /* rdtableview-background@2x.png */ = {isa = PBXFileReference; lastKnownFileType = image.png; path = "rdtableview-background@2x.png"; sourceTree = "<group>"; };
/* End PBXFileReference section */

/* Begin PBXFrameworksBuildPhase section */
		2A2430BB13EC6A5600E02693 /* Frameworks */ = {
			isa = PBXFrameworksBuildPhase;
			buildActionMask = 2147483647;
			files = (
				2A2430C313EC6A5600E02693 /* UIKit.framework in Frameworks */,
				2A2430C513EC6A5600E02693 /* Foundation.framework in Frameworks */,
				2A2430C713EC6A5600E02693 /* CoreGraphics.framework in Frameworks */,
			);
			runOnlyForDeploymentPostprocessing = 0;
		};
/* End PBXFrameworksBuildPhase section */

/* Begin PBXGroup section */
		2A2430B313EC6A5600E02693 = {
			isa = PBXGroup;
			children = (
				2A2430C813EC6A5600E02693 /* TeamGreen */,
				2A2430C113EC6A5600E02693 /* Frameworks */,
				2A2430BF13EC6A5600E02693 /* Products */,
			);
			sourceTree = "<group>";
		};
		2A2430BF13EC6A5600E02693 /* Products */ = {
			isa = PBXGroup;
			children = (
				2A2430BE13EC6A5600E02693 /* TeamGreen.app */,
			);
			name = Products;
			sourceTree = "<group>";
		};
		2A2430C113EC6A5600E02693 /* Frameworks */ = {
			isa = PBXGroup;
			children = (
				2A2430C213EC6A5600E02693 /* UIKit.framework */,
				2A2430C413EC6A5600E02693 /* Foundation.framework */,
				2A2430C613EC6A5600E02693 /* CoreGraphics.framework */,
			);
			name = Frameworks;
			sourceTree = "<group>";
		};
		2A2430C813EC6A5600E02693 /* TeamGreen */ = {
			isa = PBXGroup;
			children = (
				2A24310213EC6FDF00E02693 /* Resources */,
				2A2430F713EC6C6600E02693 /* Main shit */,
				2A2430FB13EC6EE200E02693 /* Libraries */,
				2A2430EE13EC6B6900E02693 /* Views */,
				2A2430EF13EC6B6D00E02693 /* Controllers */,
				2A2430C913EC6A5600E02693 /* Supporting Files */,
			);
			path = TeamGreen;
			sourceTree = "<group>";
		};
		2A2430C913EC6A5600E02693 /* Supporting Files */ = {
			isa = PBXGroup;
			children = (
				2A2430CA13EC6A5600E02693 /* TeamGreen-Info.plist */,
				2A2430CB13EC6A5600E02693 /* InfoPlist.strings */,
				2A2430CE13EC6A5600E02693 /* main.m */,
				2A2430D013EC6A5600E02693 /* TeamGreen-Prefix.pch */,
			);
			name = "Supporting Files";
			sourceTree = "<group>";
		};
		2A2430EE13EC6B6900E02693 /* Views */ = {
			isa = PBXGroup;
			children = (
				2A2430F013EC6B9600E02693 /* iPhone */,
				2A2430F113EC6B9C00E02693 /* iPad */,
			);
			name = Views;
			sourceTree = "<group>";
		};
		2A2430EF13EC6B6D00E02693 /* Controllers */ = {
			isa = PBXGroup;
			children = (
				2A2430E213EC6AF200E02693 /* DoctorFormView.h */,
				2A2430E313EC6AF200E02693 /* DoctorFormView.m */,
				2A2430F213EC6BE800E02693 /* SettingsView.h */,
				2A2430F313EC6BE800E02693 /* SettingsView.m */,
			);
			name = Controllers;
			sourceTree = "<group>";
		};
		2A2430F013EC6B9600E02693 /* iPhone */ = {
			isa = PBXGroup;
			children = (
				2A2430E413EC6AF200E02693 /* DoctorFormView.xib */,
				2A2430F413EC6BE800E02693 /* SettingsView.xib */,
				2A2430D713EC6A5600E02693 /* TeamGreenViewController_iPhone.xib */,
			);
			name = iPhone;
			sourceTree = "<group>";
		};
		2A2430F113EC6B9C00E02693 /* iPad */ = {
			isa = PBXGroup;
			children = (
				2A2430DA13EC6A5600E02693 /* TeamGreenViewController_iPad.xib */,
			);
			name = iPad;
			sourceTree = "<group>";
		};
		2A2430F713EC6C6600E02693 /* Main shit */ = {
			isa = PBXGroup;
			children = (
				2A2430D113EC6A5600E02693 /* TeamGreenAppDelegate.h */,
				2A2430D213EC6A5600E02693 /* TeamGreenAppDelegate.m */,
				2A2430D413EC6A5600E02693 /* TeamGreenViewController.h */,
				2A2430D513EC6A5600E02693 /* TeamGreenViewController.m */,
			);
			name = "Main shit";
			sourceTree = "<group>";
		};
		2A2430FB13EC6EE200E02693 /* Libraries */ = {
			isa = PBXGroup;
			children = (
				2A2430FF13EC6F4400E02693 /* PaddedUITextField.h */,
				2A24310013EC6F4400E02693 /* PaddedUITextField.m */,
				2A2430FC13EC6F3300E02693 /* TextFieldTableViewCell.h */,
				2A2430FD13EC6F3300E02693 /* TextFieldTableViewCell.m */,
				2A2430F913EC6ECB00E02693 /* RDTableView.h */,
				2A2430F813EC6ECB00E02693 /* RDTableView.m */,
			);
			name = Libraries;
			sourceTree = "<group>";
		};
		2A24310213EC6FDF00E02693 /* Resources */ = {
			isa = PBXGroup;
			children = (
				2A24310313EC6FF700E02693 /* rdtableview-background.png */,
				2A24310413EC6FF700E02693 /* rdtableview-background@2x.png */,
			);
			name = Resources;
			sourceTree = "<group>";
		};
/* End PBXGroup section */

/* Begin PBXNativeTarget section */
		2A2430BD13EC6A5600E02693 /* TeamGreen */ = {
			isa = PBXNativeTarget;
			buildConfigurationList = 2A2430DF13EC6A5600E02693 /* Build configuration list for PBXNativeTarget "TeamGreen" */;
			buildPhases = (
				2A2430BA13EC6A5600E02693 /* Sources */,
				2A2430BB13EC6A5600E02693 /* Frameworks */,
				2A2430BC13EC6A5600E02693 /* Resources */,
			);
			buildRules = (
			);
			dependencies = (
			);
			name = TeamGreen;
			productName = TeamGreen;
			productReference = 2A2430BE13EC6A5600E02693 /* TeamGreen.app */;
			productType = "com.apple.product-type.application";
		};
/* End PBXNativeTarget section */

/* Begin PBXProject section */
		2A2430B513EC6A5600E02693 /* Project object */ = {
			isa = PBXProject;
			attributes = {
				LastUpgradeCheck = 0420;
			};
			buildConfigurationList = 2A2430B813EC6A5600E02693 /* Build configuration list for PBXProject "TeamGreen" */;
			compatibilityVersion = "Xcode 3.2";
			developmentRegion = English;
			hasScannedForEncodings = 0;
			knownRegions = (
				en,
			);
			mainGroup = 2A2430B313EC6A5600E02693;
			productRefGroup = 2A2430BF13EC6A5600E02693 /* Products */;
			projectDirPath = "";
			projectRoot = "";
			targets = (
				2A2430BD13EC6A5600E02693 /* TeamGreen */,
			);
		};
/* End PBXProject section */

/* Begin PBXResourcesBuildPhase section */
		2A2430BC13EC6A5600E02693 /* Resources */ = {
			isa = PBXResourcesBuildPhase;
			buildActionMask = 2147483647;
			files = (
				2A2430CD13EC6A5600E02693 /* InfoPlist.strings in Resources */,
				2A2430D913EC6A5600E02693 /* TeamGreenViewController_iPhone.xib in Resources */,
				2A2430DC13EC6A5600E02693 /* TeamGreenViewController_iPad.xib in Resources */,
				2A2430E613EC6AF200E02693 /* DoctorFormView.xib in Resources */,
				2A2430F613EC6BE800E02693 /* SettingsView.xib in Resources */,
				2A24310513EC6FF700E02693 /* rdtableview-background.png in Resources */,
				2A24310613EC6FF700E02693 /* rdtableview-background@2x.png in Resources */,
			);
			runOnlyForDeploymentPostprocessing = 0;
		};
/* End PBXResourcesBuildPhase section */

/* Begin PBXSourcesBuildPhase section */
		2A2430BA13EC6A5600E02693 /* Sources */ = {
			isa = PBXSourcesBuildPhase;
			buildActionMask = 2147483647;
			files = (
				2A2430CF13EC6A5600E02693 /* main.m in Sources */,
				2A2430D313EC6A5600E02693 /* TeamGreenAppDelegate.m in Sources */,
				2A2430D613EC6A5600E02693 /* TeamGreenViewController.m in Sources */,
				2A2430E513EC6AF200E02693 /* DoctorFormView.m in Sources */,
				2A2430F513EC6BE800E02693 /* SettingsView.m in Sources */,
				2A2430FA13EC6ECB00E02693 /* RDTableView.m in Sources */,
				2A2430FE13EC6F3300E02693 /* TextFieldTableViewCell.m in Sources */,
				2A24310113EC6F4400E02693 /* PaddedUITextField.m in Sources */,
			);
			runOnlyForDeploymentPostprocessing = 0;
		};
/* End PBXSourcesBuildPhase section */

/* Begin PBXVariantGroup section */
		2A2430CB13EC6A5600E02693 /* InfoPlist.strings */ = {
			isa = PBXVariantGroup;
			children = (
				2A2430CC13EC6A5600E02693 /* en */,
			);
			name = InfoPlist.strings;
			sourceTree = "<group>";
		};
		2A2430D713EC6A5600E02693 /* TeamGreenViewController_iPhone.xib */ = {
			isa = PBXVariantGroup;
			children = (
				2A2430D813EC6A5600E02693 /* en */,
			);
			name = TeamGreenViewController_iPhone.xib;
			sourceTree = "<group>";
		};
		2A2430DA13EC6A5600E02693 /* TeamGreenViewController_iPad.xib */ = {
			isa = PBXVariantGroup;
			children = (
				2A2430DB13EC6A5600E02693 /* en */,
			);
			name = TeamGreenViewController_iPad.xib;
			sourceTree = "<group>";
		};
/* End PBXVariantGroup section */

/* Begin XCBuildConfiguration section */
		2A2430DD13EC6A5600E02693 /* Debug */ = {
			isa = XCBuildConfiguration;
			buildSettings = {
				ALWAYS_SEARCH_USER_PATHS = NO;
				ARCHS = "$(ARCHS_STANDARD_32_BIT)";
				CLANG_ENABLE_OBJC_ARC = YES;
				"CODE_SIGN_IDENTITY[sdk=iphoneos*]" = "iPhone Developer";
				COPY_PHASE_STRIP = NO;
				GCC_C_LANGUAGE_STANDARD = gnu99;
				GCC_DYNAMIC_NO_PIC = NO;
				GCC_OPTIMIZATION_LEVEL = 0;
				GCC_PREPROCESSOR_DEFINITIONS = (
					"DEBUG=1",
					"$(inherited)",
				);
				GCC_SYMBOLS_PRIVATE_EXTERN = NO;
				GCC_VERSION = com.apple.compilers.llvm.clang.1_0;
				GCC_WARN_ABOUT_MISSING_PROTOTYPES = YES;
				GCC_WARN_ABOUT_RETURN_TYPE = YES;
				GCC_WARN_UNUSED_VARIABLE = YES;
				IPHONEOS_DEPLOYMENT_TARGET = 5.0;
				SDKROOT = iphoneos;
				TARGETED_DEVICE_FAMILY = "1,2";
			};
			name = Debug;
		};
		2A2430DE13EC6A5600E02693 /* Release */ = {
			isa = XCBuildConfiguration;
			buildSettings = {
				ALWAYS_SEARCH_USER_PATHS = NO;
				ARCHS = "$(ARCHS_STANDARD_32_BIT)";
				CLANG_ENABLE_OBJC_ARC = YES;
				"CODE_SIGN_IDENTITY[sdk=iphoneos*]" = "iPhone Developer";
				COPY_PHASE_STRIP = YES;
				GCC_C_LANGUAGE_STANDARD = gnu99;
				GCC_VERSION = com.apple.compilers.llvm.clang.1_0;
				GCC_WARN_ABOUT_MISSING_PROTOTYPES = YES;
				GCC_WARN_ABOUT_RETURN_TYPE = YES;
				GCC_WARN_UNUSED_VARIABLE = YES;
				IPHONEOS_DEPLOYMENT_TARGET = 5.0;
				OTHER_CFLAGS = "-DNS_BLOCK_ASSERTIONS=1";
				SDKROOT = iphoneos;
				TARGETED_DEVICE_FAMILY = "1,2";
				VALIDATE_PRODUCT = YES;
			};
			name = Release;
		};
		2A2430E013EC6A5600E02693 /* Debug */ = {
			isa = XCBuildConfiguration;
			buildSettings = {
				GCC_PRECOMPILE_PREFIX_HEADER = YES;
				GCC_PREFIX_HEADER = "TeamGreen/TeamGreen-Prefix.pch";
				INFOPLIST_FILE = "TeamGreen/TeamGreen-Info.plist";
				PRODUCT_NAME = "$(TARGET_NAME)";
				WRAPPER_EXTENSION = app;
			};
			name = Debug;
		};
		2A2430E113EC6A5600E02693 /* Release */ = {
			isa = XCBuildConfiguration;
			buildSettings = {
				GCC_PRECOMPILE_PREFIX_HEADER = YES;
				GCC_PREFIX_HEADER = "TeamGreen/TeamGreen-Prefix.pch";
				INFOPLIST_FILE = "TeamGreen/TeamGreen-Info.plist";
				PRODUCT_NAME = "$(TARGET_NAME)";
				WRAPPER_EXTENSION = app;
			};
			name = Release;
		};
/* End XCBuildConfiguration section */

/* Begin XCConfigurationList section */
		2A2430B813EC6A5600E02693 /* Build configuration list for PBXProject "TeamGreen" */ = {
			isa = XCConfigurationList;
			buildConfigurations = (
				2A2430DD13EC6A5600E02693 /* Debug */,
				2A2430DE13EC6A5600E02693 /* Release */,
			);
			defaultConfigurationIsVisible = 0;
			defaultConfigurationName = Release;
		};
		2A2430DF13EC6A5600E02693 /* Build configuration list for PBXNativeTarget "TeamGreen" */ = {
			isa = XCConfigurationList;
			buildConfigurations = (
				2A2430E013EC6A5600E02693 /* Debug */,
				2A2430E113EC6A5600E02693 /* Release */,
			);
			defaultConfigurationIsVisible = 0;
		};
/* End XCConfigurationList section */
	};
	rootObject = 2A2430B513EC6A5600E02693 /* Project object */;
}
